# @generated - this file is auto-generated by `mise lock` https://mise.jdx.dev/dev-tools/mise-lock.html

[[tools."aqua:nextest-rs/nextest/cargo-nextest"]]
version = "0.9.140"
backend = "aqua:nextest-rs/nextest/cargo-nextest"

[tools."aqua:nextest-rs/nextest/cargo-nextest"."platforms.linux-arm64"]
checksum = "sha256:8b3f4d4560b6b0f83774fecc6be07e47716dbad0eb0bb6c3890f478f4affe4b6"
url = "https://github.com/nextest-rs/nextest/releases/download/cargo-nextest-0.9.140/cargo-nextest-0.9.140-aarch64-unknown-linux-gnu.tar.gz"
url_api = "https://api.github.com/repos/nextest-rs/nextest/releases/assets/467464894"

[tools."aqua:nextest-rs/nextest/cargo-nextest"."platforms.linux-arm64-musl"]
checksum = "sha256:81fe08bda065ae74fa9092c444d797c31e12c245080bfb9f4dc207e21def4b98"
url = "https://github.com/nextest-rs/nextest/releases/download/cargo-nextest-0.9.140/cargo-nextest-0.9.140-aarch64-unknown-linux-musl.tar.gz"
url_api = "https://api.github.com/repos/nextest-rs/nextest/releases/assets/467465128"

[tools."aqua:nextest-rs/nextest/cargo-nextest"."platforms.linux-x64"]
checksum = "sha256:bc2a998567816eef7b087b920036f49fb89aa2a8a603f6a3d84098be160b62c5"
url = "https://github.com/nextest-rs/nextest/releases/download/cargo-nextest-0.9.140/cargo-nextest-0.9.140-x86_64-unknown-linux-musl.tar.gz"
url_api = "https://api.github.com/repos/nextest-rs/nextest/releases/assets/467467089"

[tools."aqua:nextest-rs/nextest/cargo-nextest"."platforms.linux-x64-musl"]
checksum = "sha256:bc2a998567816eef7b087b920036f49fb89aa2a8a603f6a3d84098be160b62c5"
url = "https://github.com/nextest-rs/nextest/releases/download/cargo-nextest-0.9.140/cargo-nextest-0.9.140-x86_64-unknown-linux-musl.tar.gz"
url_api = "https://api.github.com/repos/nextest-rs/nextest/releases/assets/467467089"

[tools."aqua:nextest-rs/nextest/cargo-nextest"."platforms.macos-arm64"]
checksum = "sha256:58e0a722f9444078fab447783f322acf15a2a771ba785b3fbbe8bacda31c3df9"
url = "https://github.com/nextest-rs/nextest/releases/download/cargo-nextest-0.9.140/cargo-nextest-0.9.140-universal-apple-darwin.tar.gz"
url_api = "https://api.github.com/repos/nextest-rs/nextest/releases/assets/467468113"

[tools."aqua:nextest-rs/nextest/cargo-nextest"."platforms.macos-x64"]
checksum = "sha256:58e0a722f9444078fab447783f322acf15a2a771ba785b3fbbe8bacda31c3df9"
url = "https://github.com/nextest-rs/nextest/releases/download/cargo-nextest-0.9.140/cargo-nextest-0.9.140-universal-apple-darwin.tar.gz"
url_api = "https://api.github.com/repos/nextest-rs/nextest/releases/assets/467468113"

[tools."aqua:nextest-rs/nextest/cargo-nextest"."platforms.windows-x64"]
checksum = "sha256:b75c287b89df1fbfe033a98df058a94cd1f5119dab6ff56e4916e5a1597c7ac9"
url = "https://github.com/nextest-rs/nextest/releases/download/cargo-nextest-0.9.140/cargo-nextest-0.9.140-x86_64-pc-windows-msvc.tar.gz"
url_api = "https://api.github.com/repos/nextest-rs/nextest/releases/assets/467472280"

[[tools.cargo-binstall]]
version = "1.21.0"
backend = "aqua:cargo-bins/cargo-binstall"

[tools.cargo-binstall."platforms.linux-arm64"]
checksum = "sha256:31f0564854bd031f20c9abfe33312ea630e6a06a2f6d6309b54b5649608f55be"
url = "https://github.com/cargo-bins/cargo-binstall/releases/download/v1.21.0/cargo-binstall-aarch64-unknown-linux-musl.tgz"
url_api = "https://api.github.com/repos/cargo-bins/cargo-binstall/releases/assets/476613087"
provenance = "github-attestations"

[tools.cargo-binstall."platforms.linux-arm64-musl"]
checksum = "sha256:31f0564854bd031f20c9abfe33312ea630e6a06a2f6d6309b54b5649608f55be"
url = "https://github.com/cargo-bins/cargo-binstall/releases/download/v1.21.0/cargo-binstall-aarch64-unknown-linux-musl.tgz"
url_api = "https://api.github.com/repos/cargo-bins/cargo-binstall/releases/assets/476613087"
provenance = "github-attestations"

[tools.cargo-binstall."platforms.linux-x64"]
checksum = "sha256:b1880b3631d1ff0fd1f286a0d20f82f373355651f9fbd7f4d0d7fbfe218bf562"
url = "https://github.com/cargo-bins/cargo-binstall/releases/download/v1.21.0/cargo-binstall-x86_64-unknown-linux-musl.tgz"
url_api = "https://api.github.com/repos/cargo-bins/cargo-binstall/releases/assets/476612736"
provenance = "github-attestations"

[tools.cargo-binstall."platforms.linux-x64-musl"]
checksum = "sha256:b1880b3631d1ff0fd1f286a0d20f82f373355651f9fbd7f4d0d7fbfe218bf562"
url = "https://github.com/cargo-bins/cargo-binstall/releases/download/v1.21.0/cargo-binstall-x86_64-unknown-linux-musl.tgz"
url_api = "https://api.github.com/repos/cargo-bins/cargo-binstall/releases/assets/476612736"
provenance = "github-attestations"

[tools.cargo-binstall."platforms.macos-arm64"]
checksum = "sha256:e44737132b2d0543e72a6f128307ebbf204b171f57b2ea9db55b8bbe54b6b632"
url = "https://github.com/cargo-bins/cargo-binstall/releases/download/v1.21.0/cargo-binstall-aarch64-apple-darwin.zip"
url_api = "https://api.github.com/repos/cargo-bins/cargo-binstall/releases/assets/476613286"
provenance = "github-attestations"

[tools.cargo-binstall."platforms.macos-x64"]
checksum = "sha256:ad7cd72d8074ef613ab392cae291c7c8bcc25a4f6690e726ed665ded8640871e"
url = "https://github.com/cargo-bins/cargo-binstall/releases/download/v1.21.0/cargo-binstall-x86_64-apple-darwin.zip"
url_api = "https://api.github.com/repos/cargo-bins/cargo-binstall/releases/assets/476612855"
provenance = "github-attestations"

[tools.cargo-binstall."platforms.windows-x64"]
checksum = "sha256:f87cc2ca3a103664dab3eac521aa4e49ae72fa0b1e70fba837cd12932001629b"
url = "https://github.com/cargo-bins/cargo-binstall/releases/download/v1.21.0/cargo-binstall-x86_64-pc-windows-msvc.zip"
url_api = "https://api.github.com/repos/cargo-bins/cargo-binstall/releases/assets/476612813"
provenance = "github-attestations"

[[tools."cargo:cargo-deny"]]
version = "0.20.2"
backend = "cargo:cargo-deny"

[[tools."cargo:cargo-machete"]]
version = "0.9.2"
backend = "cargo:cargo-machete"

[[tools."cargo:cargo-zigbuild"]]
version = "0.23.0"
backend = "cargo:cargo-zigbuild"

[[tools.rust]]
version = "1.97.1"
backend = "core:rust"

[tools.rust.options]
components = "clippy,rustfmt"
targets = "x86_64-unknown-linux-musl"

[[tools.uv]]
version = "0.11.14"
backend = "aqua:astral-sh/uv"

[tools.uv."platforms.linux-arm64"]
checksum = "sha256:d7d3966e46915c5f6932692aaf152a2473eecb1d2517ca4f8e88a07484b380b6"
url = "https://github.com/astral-sh/uv/releases/download/0.11.14/uv-aarch64-unknown-linux-musl.tar.gz"
url_api = "https://api.github.com/repos/astral-sh/uv/releases/assets/418588773"
provenance = "github-attestations"

[tools.uv."platforms.linux-arm64-musl"]
checksum = "sha256:d7d3966e46915c5f6932692aaf152a2473eecb1d2517ca4f8e88a07484b380b6"
url = "https://github.com/astral-sh/uv/releases/download/0.11.14/uv-aarch64-unknown-linux-musl.tar.gz"
url_api = "https://api.github.com/repos/astral-sh/uv/releases/assets/418588773"
provenance = "github-attestations"

[tools.uv."platforms.linux-x64"]
checksum = "sha256:077d36f45a0cc6d440b653b2d5c53e7731121e99e54b0221267eec5d1cae76ce"
url = "https://github.com/astral-sh/uv/releases/download/0.11.14/uv-x86_64-unknown-linux-musl.tar.gz"
url_api = "https://api.github.com/repos/astral-sh/uv/releases/assets/418588872"
provenance = "github-attestations"

[tools.uv."platforms.linux-x64-musl"]
checksum = "sha256:077d36f45a0cc6d440b653b2d5c53e7731121e99e54b0221267eec5d1cae76ce"
url = "https://github.com/astral-sh/uv/releases/download/0.11.14/uv-x86_64-unknown-linux-musl.tar.gz"
url_api = "https://api.github.com/repos/astral-sh/uv/releases/assets/418588872"
provenance = "github-attestations"

[tools.uv."platforms.macos-arm64"]
checksum = "sha256:4333af5c0730d94323a7819bbdf87ce92dd07fc857d67fff0059e0fca31b5c02"
url = "https://github.com/astral-sh/uv/releases/download/0.11.14/uv-aarch64-apple-darwin.tar.gz"
url_api = "https://api.github.com/repos/astral-sh/uv/releases/assets/418588752"
provenance = "github-attestations"

[tools.uv."platforms.macos-x64"]
checksum = "sha256:9836c1440b0bd6aa5f81793648a339bd01d593b7b8f575de3b855dae4ab64654"
url = "https://github.com/astral-sh/uv/releases/download/0.11.14/uv-x86_64-apple-darwin.tar.gz"
url_api = "https://api.github.com/repos/astral-sh/uv/releases/assets/418588859"
provenance = "github-attestations"

[tools.uv."platforms.windows-x64"]
checksum = "sha256:52ba5d19409aaa688a8a1a6ec8dfb6a4817230d20186e75f4006105c3e39a846"
url = "https://github.com/astral-sh/uv/releases/download/0.11.14/uv-x86_64-pc-windows-msvc.zip"
url_api = "https://api.github.com/repos/astral-sh/uv/releases/assets/418588864"
provenance = "github-attestations"

[[tools.zig]]
version = "0.16.0"
backend = "core:zig"

[tools.zig."platforms.linux-arm64"]
checksum = "sha256:ea4b09bfb22ec6f6c6ceac57ab63efb6b46e17ab08d21f69f3a48b38e1534f17"
url = "https://ziglang.org/download/0.16.0/zig-aarch64-linux-0.16.0.tar.xz"

[tools.zig."platforms.linux-arm64-musl"]
checksum = "sha256:ea4b09bfb22ec6f6c6ceac57ab63efb6b46e17ab08d21f69f3a48b38e1534f17"
url = "https://ziglang.org/download/0.16.0/zig-aarch64-linux-0.16.0.tar.xz"

[tools.zig."platforms.linux-x64"]
checksum = "sha256:70e49664a74374b48b51e6f3fdfbf437f6395d42509050588bd49abe52ba3d00"
url = "https://ziglang.org/download/0.16.0/zig-x86_64-linux-0.16.0.tar.xz"

[tools.zig."platforms.linux-x64-musl"]
checksum = "sha256:70e49664a74374b48b51e6f3fdfbf437f6395d42509050588bd49abe52ba3d00"
url = "https://ziglang.org/download/0.16.0/zig-x86_64-linux-0.16.0.tar.xz"

[tools.zig."platforms.macos-arm64"]
checksum = "sha256:b23d70deaa879b5c2d486ed3316f7eaa53e84acf6fc9cc747de152450d401489"
url = "https://ziglang.org/download/0.16.0/zig-aarch64-macos-0.16.0.tar.xz"

[tools.zig."platforms.macos-x64"]
checksum = "sha256:0387557ed1877bc6a2e1802c8391953baddba76081876301c522f52977b52ba7"
url = "https://ziglang.org/download/0.16.0/zig-x86_64-macos-0.16.0.tar.xz"

[tools.zig."platforms.windows-x64"]
checksum = "sha256:68659eb5f1e4eb1437a722f1dd889c5a322c9954607f5edcf337bc3684a75a7e"
url = "https://ziglang.org/download/0.16.0/zig-x86_64-windows-0.16.0.zip"
